
Microsoft Visual Studio Solution File, Format Version 12.00
# Visual Studio Version 16
VisualStudioVersion = 16.0.29306.81
MinimumVisualStudioVersion = 10.0.40219.1
Project("{FAE04EC0-301F-11D3-BF4B-00C04F79EFBC}") = "20191024-1", "20191024-1\20191024-1.csproj", "{098B6B0C-6435-4C64-B738-B612E2E4EC60}"
EndProject
Global
	GlobalSection(SolutionConfigurationPlatforms) = preSolution
		Debug|Any CPU = Debug|Any CPU
		Release|Any CPU = Release|Any CPU
	EndGlobalSection
	GlobalSection(ProjectConfigurationPlatforms) = postSolution
		{098B6B0C-6435-4C64-B738-B612E2E4EC60}.Debug|Any CPU.ActiveCfg = Debug|Any CPU
		{098B6B0C-6435-4C64-B738-B612E2E4EC60}.Debug|Any CPU.Build.0 = Debug|Any CPU
		{098B6B0C-6435-4C64-B738-B612E2E4EC60}.Release|Any CPU.ActiveCfg = Release|Any CPU
		{098B6B0C-6435-4C64-B738-B612E2E4EC60}.Release|Any CPU.Build.0 = Release|Any CPU
	EndGlobalSection
	GlobalSection(SolutionProperties) = preSolution
		HideSolutionNode = FALSE
	EndGlobalSection
	GlobalSection(ExtensibilityGlobals) = postSolution
		SolutionGuid = {24DFCD2F-097B-4360-B2C4-EFBAC92A4E66}
	EndGlobalSection
EndGlobal
